{
  "name": "stonks-and-slonks",
  "version": "1.0.0",
  "lockfileVersion": 1,
  "requires": true,
  "dependencies": {
    "@reverse/random": {
      "version": "1.0.9",
      "resolved": "https://registry.npmjs.org/@reverse/random/-/random-1.0.9.tgz",
      "integrity": "sha512-utJvt3++C4a4YX/D6UgkOPmv2H3kq39ODH2biEE/WAnZTyHDVypObu82BEwNiTTxww6ZD66kE9mOPajSDrQZRg=="
    },
    "@reverse/string": {
      "version": "1.1.0",
      "resolved": "https://registry.npmjs.org/@reverse/string/-/string-1.1.0.tgz",
      "integrity": "sha512-HmkBVruzXFWXYn8gYJkSw9tijMwqOA2D08a+v2GA7Fh95nrAz+quT20Q64r6vF/7X+MdgangfxinJNNWvjmmBw=="
    },
    "buzzphrase": {
      "version": "2.5.5",
      "resolved": "https://registry.npmjs.org/buzzphrase/-/buzzphrase-2.5.5.tgz",
      "integrity": "sha512-E/HKggXFscdU9OgYQiM1W7TybxyZlbpzM9SLgUKhaxzT6LnLW7Xipk6ZdUj7UnKTaCsGCyl7ynWB3HkMU62PGg=="
    },
    "uuid": {
      "version": "3.3.3",
      "resolved": "https://registry.npmjs.org/uuid/-/uuid-3.3.3.tgz",
      "integrity": "sha512-pW0No1RGHgzlpHJO1nsVrHKpOEIxkGg1xB+v0ZmdNH5OAeAwzAVrCnI2/6Mtx+Uys6iaylxa+D3g4j63IKKjSQ=="
    }
  }
}
